{
    "_readme": [
        "This file locks the dependencies of your project to a known state",
        "Read more about it at https://getcomposer.org/doc/01-basic-usage.md#composer-lock-the-lock-file",
        "This file is @generated automatically"
    ],
    "content-hash": "a72a3d7a01124ed97c4a511d87650088",
    "packages": [
        {
            "name": "crazycodr/roman",
            "version": "1.0.1",
            "source": {
                "type": "git",
                "url": "https://github.com/crazycodr/roman.git",
                "reference": "392038804c3cd1380f64e5672043b914a5a2c1c8"
            },
            "dist": {
                "type": "zip",
                "url": "https://api.github.com/repos/crazycodr/roman/zipball/392038804c3cd1380f64e5672043b914a5a2c1c8",
                "reference": "392038804c3cd1380f64e5672043b914a5a2c1c8",
                "shasum": ""
            },
            "require-dev": {
                "friendsofphp/php-cs-fixer": "^2.11",
                "league/csv": "^8.0",
                "phpunit/phpunit": "^7.1"
            },
            "type": "library",
            "autoload": {
                "psr-4": {
                    "CrazyCodr\\Converters\\": "src"
                }
            },
            "notification-url": "https://packagist.org/downloads/",
            "license": [
                "MIT"
            ],
            "authors": [
                {
                    "name": "Mathieu Dumoulin",
                    "email": "thecrazycodr@gmail.com"
                }
            ],
            "description": "Provides a simple decimal/roman number converter",
            "keywords": [
                "convert",
                "format",
                "roman"
            ],
            "time": "2019-07-11T16:45:20+00:00"
        }
    ],
    "packages-dev": [],
    "aliases": [],
    "minimum-stability": "stable",
    "stability-flags": [],
    "prefer-stable": false,
    "prefer-lowest": false,
    "platform": [],
    "platform-dev": []
}
